
Microsoft Visual Studio Solution File, Format Version 12.00
# Visual Studio Version 17
VisualStudioVersion = 17.0.32112.339
MinimumVisualStudioVersion = 10.0.40219.1
Project("{FAE04EC0-301F-11D3-BF4B-00C04F79EFBC}") = "CRUD Operations", "CRUD Operations\CRUD Operations.csproj", "{7EAFE642-889B-4729-A13B-2BA8A63AEE99}"
EndProject
Global
	GlobalSection(SolutionConfigurationPlatforms) = preSolution
		Debug|Any CPU = Debug|Any CPU
		Release|Any CPU = Release|Any CPU
	EndGlobalSection
	GlobalSection(ProjectConfigurationPlatforms) = postSolution
		{7EAFE642-889B-4729-A13B-2BA8A63AEE99}.Debug|Any CPU.ActiveCfg = Debug|Any CPU
		{7EAFE642-889B-4729-A13B-2BA8A63AEE99}.Debug|Any CPU.Build.0 = Debug|Any CPU
		{7EAFE642-889B-4729-A13B-2BA8A63AEE99}.Release|Any CPU.ActiveCfg = Release|Any CPU
		{7EAFE642-889B-4729-A13B-2BA8A63AEE99}.Release|Any CPU.Build.0 = Release|Any CPU
	EndGlobalSection
	GlobalSection(SolutionProperties) = preSolution
		HideSolutionNode = FALSE
	EndGlobalSection
	GlobalSection(ExtensibilityGlobals) = postSolution
		SolutionGuid = {D7B79361-9BDC-4793-91C9-4701D9868B41}
	EndGlobalSection
EndGlobal
